{
  "name": "PlaylistProject",
  "version": "1.0.0",
  "lockfileVersion": 1,
  "requires": true,
  "dependencies": {
    "bootstrap": {
      "version": "4.1.3",
      "resolved": "https://registry.npmjs.org/bootstrap/-/bootstrap-4.1.3.tgz",
      "integrity": "sha512-rDFIzgXcof0jDyjNosjv4Sno77X4KuPeFxG2XZZv1/Kc8DRVGVADdoQyyOVDwPqL36DDmtCQbrpMCqvpPLJQ0w=="
    },
    "circletype": {
      "version": "2.3.0",
      "resolved": "https://registry.npmjs.org/circletype/-/circletype-2.3.0.tgz",
      "integrity": "sha512-bg+aWmtljs6K2LNIoPg6NqHY5vUdTHtD2GH7snwdouRUmJVDtqfrXnZf7ZUH+PUs0Yz6tmZfG7TDMUMPk86bXg==",
      "requires": {
        "core-js": "2.5.7"
      }
    },
    "core-js": {
      "version": "2.5.7",
      "resolved": "https://registry.npmjs.org/core-js/-/core-js-2.5.7.tgz",
      "integrity": "sha512-RszJCAxg/PP6uzXVXL6BsxSXx/B05oJAQ2vkJRjyjrEcNVycaqOmNb5OTxZPE3xa5gwZduqza6L9JOCenh/Ecw=="
    },
    "jquery": {
      "version": "3.3.1",
      "resolved": "https://registry.npmjs.org/jquery/-/jquery-3.3.1.tgz",
      "integrity": "sha512-Ubldcmxp5np52/ENotGxlLe6aGMvmF4R8S6tZjsP6Knsaxd/xp3Zrh50cG93lR6nPXyUFwzN3ZSOQI0wRJNdGg=="
    },
    "lettering": {
      "version": "0.4.1",
      "resolved": "https://registry.npmjs.org/lettering/-/lettering-0.4.1.tgz",
      "integrity": "sha512-lZ0cL4uQeZCnfVzOUVDVj2reaQkHkrnI739A525FEtOPXT0eZFOs5a6qP6qUUMCn0KwS78im0psGcDpWedt+nw=="
    },
    "popper.js": {
      "version": "1.14.4",
      "resolved": "https://registry.npmjs.org/popper.js/-/popper.js-1.14.4.tgz",
      "integrity": "sha1-juwdj/AqWjoVLdQ0FKFce3n9abY="
    }
  }
}
